
Microsoft Visual Studio Solution File, Format Version 12.00
# Visual Studio Version 16
VisualStudioVersion = 16.0.30523.141
MinimumVisualStudioVersion = 10.0.40219.1
Project("{FAE04EC0-301F-11D3-BF4B-00C04F79EFBC}") = "ToDo.App.DataModels", "ToDo.App.DataModels\ToDo.App.DataModels.csproj", "{11426327-E653-4DB2-8C01-982B28B738BF}"
EndProject
Project("{FAE04EC0-301F-11D3-BF4B-00C04F79EFBC}") = "ToDo.App.DataAccess", "ToDo.App.DataAccess\ToDo.App.DataAccess.csproj", "{C14C3BF6-AAB8-452C-AF59-7FF269D77C2A}"
EndProject
Project("{FAE04EC0-301F-11D3-BF4B-00C04F79EFBC}") = "ToDo.App.Services", "ToDo.App.Services\ToDo.App.Services.csproj", "{018C2C85-0E86-4D18-85C3-5850A8FCAB66}"
EndProject
Project("{FAE04EC0-301F-11D3-BF4B-00C04F79EFBC}") = "ToDo.App.DtoModels", "ToDo.App.DtoModels\ToDo.App.DtoModels.csproj", "{58B8A396-7FFB-4EC1-AB2E-C2AB14FCA44E}"
EndProject
Project("{FAE04EC0-301F-11D3-BF4B-00C04F79EFBC}") = "ToDo.App", "ToDo.App\ToDo.App.csproj", "{CFC9890E-7073-48B4-9E26-A433C78A4D53}"
EndProject
Global
	GlobalSection(SolutionConfigurationPlatforms) = preSolution
		Debug|Any CPU = Debug|Any CPU
		Release|Any CPU = Release|Any CPU
	EndGlobalSection
	GlobalSection(ProjectConfigurationPlatforms) = postSolution
		{11426327-E653-4DB2-8C01-982B28B738BF}.Debug|Any CPU.ActiveCfg = Debug|Any CPU
		{11426327-E653-4DB2-8C01-982B28B738BF}.Debug|Any CPU.Build.0 = Debug|Any CPU
		{11426327-E653-4DB2-8C01-982B28B738BF}.Release|Any CPU.ActiveCfg = Release|Any CPU
		{11426327-E653-4DB2-8C01-982B28B738BF}.Release|Any CPU.Build.0 = Release|Any CPU
		{C14C3BF6-AAB8-452C-AF59-7FF269D77C2A}.Debug|Any CPU.ActiveCfg = Debug|Any CPU
		{C14C3BF6-AAB8-452C-AF59-7FF269D77C2A}.Debug|Any CPU.Build.0 = Debug|Any CPU
		{C14C3BF6-AAB8-452C-AF59-7FF269D77C2A}.Release|Any CPU.ActiveCfg = Release|Any CPU
		{C14C3BF6-AAB8-452C-AF59-7FF269D77C2A}.Release|Any CPU.Build.0 = Release|Any CPU
		{018C2C85-0E86-4D18-85C3-5850A8FCAB66}.Debug|Any CPU.ActiveCfg = Debug|Any CPU
		{018C2C85-0E86-4D18-85C3-5850A8FCAB66}.Debug|Any CPU.Build.0 = Debug|Any CPU
		{018C2C85-0E86-4D18-85C3-5850A8FCAB66}.Release|Any CPU.ActiveCfg = Release|Any CPU
		{018C2C85-0E86-4D18-85C3-5850A8FCAB66}.Release|Any CPU.Build.0 = Release|Any CPU
		{58B8A396-7FFB-4EC1-AB2E-C2AB14FCA44E}.Debug|Any CPU.ActiveCfg = Debug|Any CPU
		{58B8A396-7FFB-4EC1-AB2E-C2AB14FCA44E}.Debug|Any CPU.Build.0 = Debug|Any CPU
		{58B8A396-7FFB-4EC1-AB2E-C2AB14FCA44E}.Release|Any CPU.ActiveCfg = Release|Any CPU
		{58B8A396-7FFB-4EC1-AB2E-C2AB14FCA44E}.Release|Any CPU.Build.0 = Release|Any CPU
		{CFC9890E-7073-48B4-9E26-A433C78A4D53}.Debug|Any CPU.ActiveCfg = Debug|Any CPU
		{CFC9890E-7073-48B4-9E26-A433C78A4D53}.Debug|Any CPU.Build.0 = Debug|Any CPU
		{CFC9890E-7073-48B4-9E26-A433C78A4D53}.Release|Any CPU.ActiveCfg = Release|Any CPU
		{CFC9890E-7073-48B4-9E26-A433C78A4D53}.Release|Any CPU.Build.0 = Release|Any CPU
	EndGlobalSection
	GlobalSection(SolutionProperties) = preSolution
		HideSolutionNode = FALSE
	EndGlobalSection
	GlobalSection(ExtensibilityGlobals) = postSolution
		SolutionGuid = {7C38693A-D658-4CE7-982B-CD38C54D9371}
	EndGlobalSection
EndGlobal
